
Microsoft Visual Studio Solution File, Format Version 12.00
# Visual Studio Version 17
VisualStudioVersion = 17.9.34714.143
MinimumVisualStudioVersion = 10.0.40219.1
Project("{9A19103F-16F7-4668-BE54-9A1E7A4F7556}") = "DataAccessLayer", "DataAccessLayer\DataAccessLayer.csproj", "{96F23D7B-DF95-4081-BE95-062C5AB7B06B}"
EndProject
Project("{9A19103F-16F7-4668-BE54-9A1E7A4F7556}") = "BusinessLayer", "BusinessLayer\BusinessLayer.csproj", "{EB9A6846-1963-477C-930E-BE0C46C69CBC}"
EndProject
Project("{9A19103F-16F7-4668-BE54-9A1E7A4F7556}") = "LayerP", "LayerP\LayerP.csproj", "{A5FBC24A-DCFC-48D9-BB8D-595805826692}"
EndProject
Global
	GlobalSection(SolutionConfigurationPlatforms) = preSolution
		Debug|Any CPU = Debug|Any CPU
		Release|Any CPU = Release|Any CPU
	EndGlobalSection
	GlobalSection(ProjectConfigurationPlatforms) = postSolution
		{96F23D7B-DF95-4081-BE95-062C5AB7B06B}.Debug|Any CPU.ActiveCfg = Debug|Any CPU
		{96F23D7B-DF95-4081-BE95-062C5AB7B06B}.Debug|Any CPU.Build.0 = Debug|Any CPU
		{96F23D7B-DF95-4081-BE95-062C5AB7B06B}.Release|Any CPU.ActiveCfg = Release|Any CPU
		{96F23D7B-DF95-4081-BE95-062C5AB7B06B}.Release|Any CPU.Build.0 = Release|Any CPU
		{EB9A6846-1963-477C-930E-BE0C46C69CBC}.Debug|Any CPU.ActiveCfg = Debug|Any CPU
		{EB9A6846-1963-477C-930E-BE0C46C69CBC}.Debug|Any CPU.Build.0 = Debug|Any CPU
		{EB9A6846-1963-477C-930E-BE0C46C69CBC}.Release|Any CPU.ActiveCfg = Release|Any CPU
		{EB9A6846-1963-477C-930E-BE0C46C69CBC}.Release|Any CPU.Build.0 = Release|Any CPU
		{A5FBC24A-DCFC-48D9-BB8D-595805826692}.Debug|Any CPU.ActiveCfg = Debug|Any CPU
		{A5FBC24A-DCFC-48D9-BB8D-595805826692}.Debug|Any CPU.Build.0 = Debug|Any CPU
		{A5FBC24A-DCFC-48D9-BB8D-595805826692}.Release|Any CPU.ActiveCfg = Release|Any CPU
		{A5FBC24A-DCFC-48D9-BB8D-595805826692}.Release|Any CPU.Build.0 = Release|Any CPU
	EndGlobalSection
	GlobalSection(SolutionProperties) = preSolution
		HideSolutionNode = FALSE
	EndGlobalSection
	GlobalSection(ExtensibilityGlobals) = postSolution
		SolutionGuid = {6081C4CA-B070-4768-B4E2-ADBB8E82192E}
	EndGlobalSection
EndGlobal
